
Microsoft Visual Studio Solution File, Format Version 12.00
# Visual Studio Version 17
VisualStudioVersion = 17.0.32014.148
MinimumVisualStudioVersion = 10.0.40219.1
Project("{FAE04EC0-301F-11D3-BF4B-00C04F79EFBC}") = "Maturita_RomeCalculator", "Maturita_RomeCalculator\Maturita_RomeCalculator.csproj", "{29DBB320-FFEB-4740-9654-C45AF5DAA4E6}"
EndProject
Global
	GlobalSection(SolutionConfigurationPlatforms) = preSolution
		Debug|Any CPU = Debug|Any CPU
		Release|Any CPU = Release|Any CPU
	EndGlobalSection
	GlobalSection(ProjectConfigurationPlatforms) = postSolution
		{29DBB320-FFEB-4740-9654-C45AF5DAA4E6}.Debug|Any CPU.ActiveCfg = Debug|Any CPU
		{29DBB320-FFEB-4740-9654-C45AF5DAA4E6}.Debug|Any CPU.Build.0 = Debug|Any CPU
		{29DBB320-FFEB-4740-9654-C45AF5DAA4E6}.Release|Any CPU.ActiveCfg = Release|Any CPU
		{29DBB320-FFEB-4740-9654-C45AF5DAA4E6}.Release|Any CPU.Build.0 = Release|Any CPU
	EndGlobalSection
	GlobalSection(SolutionProperties) = preSolution
		HideSolutionNode = FALSE
	EndGlobalSection
	GlobalSection(ExtensibilityGlobals) = postSolution
		SolutionGuid = {27D97854-1951-4B10-A0A0-112701545193}
	EndGlobalSection
EndGlobal
